// !$*UTF8*$!
{
	archiveVersion = 1;
	classes = {
	};
	objectVersion = 51;
	objects = {

/* Begin PBXBuildFile section */
		260C6FB326A56B1600F10C79 /* funfirebaseApp.swift in Sources */ = {isa = PBXBuildFile; fileRef = 260C6FB226A56B1600F10C79 /* funfirebaseApp.swift */; };
		260C6FB526A56B1600F10C79 /* ContentView.swift in Sources */ = {isa = PBXBuildFile; fileRef = 260C6FB426A56B1600F10C79 /* ContentView.swift */; };
		260C6FB726A56B1900F10C79 /* Assets.xcassets in Resources */ = {isa = PBXBuildFile; fileRef = 260C6FB626A56B1900F10C79 /* Assets.xcassets */; };
		260C6FBA26A56B1900F10C79 /* Preview Assets.xcassets in Resources */ = {isa = PBXBuildFile; fileRef = 260C6FB926A56B1900F10C79 /* Preview Assets.xcassets */; };
		26A0C2D926AE4AB500F29F4B /* GoogleService-Info.plist in Resources */ = {isa = PBXBuildFile; fileRef = 26A0C2D826AE4AB500F29F4B /* GoogleService-Info.plist */; };
		26A0C2DC26AF4DEC00F29F4B /* Todo.swift in Sources */ = {isa = PBXBuildFile; fileRef = 26A0C2DB26AF4DEC00F29F4B /* Todo.swift */; };
		26A0C2DF26AF4E1900F29F4B /* TodoViewModel.swift in Sources */ = {isa = PBXBuildFile; fileRef = 26A0C2DE26AF4E1900F29F4B /* TodoViewModel.swift */; };
		7DC3AC0E0D8B8F6C7E1B7998 /* Pods_funfirebase.framework in Frameworks */ = {isa = PBXBuildFile; fileRef = AFBBF7E3260837E560A884ED /* Pods_funfirebase.framework */; };
/* End PBXBuildFile section */

/* Begin PBXFileReference section */
		260C6FAF26A56B1600F10C79 /* funfirebase.app */ = {isa = PBXFileReference; explicitFileType = wrapper.application; includeInIndex = 0; path = funfirebase.app; sourceTree = BUILT_PRODUCTS_DIR; };
		260C6FB226A56B1600F10C79 /* funfirebaseApp.swift */ = {isa = PBXFileReference; lastKnownFileType = sourcecode.swift; path = funfirebaseApp.swift; sourceTree = "<group>"; };
		260C6FB426A56B1600F10C79 /* ContentView.swift */ = {isa = PBXFileReference; lastKnownFileType = sourcecode.swift; path = ContentView.swift; sourceTree = "<group>"; };
		260C6FB626A56B1900F10C79 /* Assets.xcassets */ = {isa = PBXFileReference; lastKnownFileType = folder.assetcatalog; path = Assets.xcassets; sourceTree = "<group>"; };
		260C6FB926A56B1900F10C79 /* Preview Assets.xcassets */ = {isa = PBXFileReference; lastKnownFileType = folder.assetcatalog; path = "Preview Assets.xcassets"; sourceTree = "<group>"; };
		260C6FBB26A56B1900F10C79 /* Info.plist */ = {isa = PBXFileReference; lastKnownFileType = text.plist.xml; path = Info.plist; sourceTree = "<group>"; };
		26A0C2D826AE4AB500F29F4B /* GoogleService-Info.plist */ = {isa = PBXFileReference; fileEncoding = 4; lastKnownFileType = text.plist.xml; name = "GoogleService-Info.plist"; path = "../../../Downloads/GoogleService-Info.plist"; sourceTree = "<group>"; };
		26A0C2DB26AF4DEC00F29F4B /* Todo.swift */ = {isa = PBXFileReference; lastKnownFileType = sourcecode.swift; path = Todo.swift; sourceTree = "<group>"; };
		26A0C2DE26AF4E1900F29F4B /* TodoViewModel.swift */ = {isa = PBXFileReference; lastKnownFileType = sourcecode.swift; path = TodoViewModel.swift; sourceTree = "<group>"; };
		AFBBF7E3260837E560A884ED /* Pods_funfirebase.framework */ = {isa = PBXFileReference; explicitFileType = wrapper.framework; includeInIndex = 0; path = Pods_funfirebase.framework; sourceTree = BUILT_PRODUCTS_DIR; };
		B1286F6B5C2E10C07E8A2DB0 /* Pods-funfirebase.debug.xcconfig */ = {isa = PBXFileReference; includeInIndex = 1; lastKnownFileType = text.xcconfig; name = "Pods-funfirebase.debug.xcconfig"; path = "Target Support Files/Pods-funfirebase/Pods-funfirebase.debug.xcconfig"; sourceTree = "<group>"; };
		CE1598A2ABB10781E5B3161D /* Pods-funfirebase.release.xcconfig */ = {isa = PBXFileReference; includeInIndex = 1; lastKnownFileType = text.xcconfig; name = "Pods-funfirebase.release.xcconfig"; path = "Target Support Files/Pods-funfirebase/Pods-funfirebase.release.xcconfig"; sourceTree = "<group>"; };
/* End PBXFileReference section */

/* Begin PBXFrameworksBuildPhase section */
		260C6FAC26A56B1600F10C79 /* Frameworks */ = {
			isa = PBXFrameworksBuildPhase;
			buildActionMask = 2147483647;
			files = (
				7DC3AC0E0D8B8F6C7E1B7998 /* Pods_funfirebase.framework in Frameworks */,
			);
			runOnlyForDeploymentPostprocessing = 0;
		};
/* End PBXFrameworksBuildPhase section */

/* Begin PBXGroup section */
		260C6FA626A56B1600F10C79 = {
			isa = PBXGroup;
			children = (
				260C6FB126A56B1600F10C79 /* funfirebase */,
				260C6FB026A56B1600F10C79 /* Products */,
				2B04BC89F9E9AAFBA7674B09 /* Pods */,
				FF45566A059509569775C06C /* Frameworks */,
			);
			sourceTree = "<group>";
		};
		260C6FB026A56B1600F10C79 /* Products */ = {
			isa = PBXGroup;
			children = (
				260C6FAF26A56B1600F10C79 /* funfirebase.app */,
			);
			name = Products;
			sourceTree = "<group>";
		};
		260C6FB126A56B1600F10C79 /* funfirebase */ = {
			isa = PBXGroup;
			children = (
				26A0C2E426AF73C900F29F4B /* Models */,
				26A0C2E326AF6C0A00F29F4B /* viewModel */,
				260C6FB226A56B1600F10C79 /* funfirebaseApp.swift */,
				260C6FB426A56B1600F10C79 /* ContentView.swift */,
				26A0C2D826AE4AB500F29F4B /* GoogleService-Info.plist */,
				260C6FB626A56B1900F10C79 /* Assets.xcassets */,
				260C6FBB26A56B1900F10C79 /* Info.plist */,
				260C6FB826A56B1900F10C79 /* Preview Content */,
			);
			path = funfirebase;
			sourceTree = "<group>";
		};
		260C6FB826A56B1900F10C79 /* Preview Content */ = {
			isa = PBXGroup;
			children = (
				260C6FB926A56B1900F10C79 /* Preview Assets.xcassets */,
			);
			path = "Preview Content";
			sourceTree = "<group>";
		};
		26A0C2E326AF6C0A00F29F4B /* viewModel */ = {
			isa = PBXGroup;
			children = (
				26A0C2DE26AF4E1900F29F4B /* TodoViewModel.swift */,
			);
			path = viewModel;
			sourceTree = "<group>";
		};
		26A0C2E426AF73C900F29F4B /* Models */ = {
			isa = PBXGroup;
			children = (
				26A0C2DB26AF4DEC00F29F4B /* Todo.swift */,
			);
			path = Models;
			sourceTree = "<group>";
		};
		2B04BC89F9E9AAFBA7674B09 /* Pods */ = {
			isa = PBXGroup;
			children = (
				B1286F6B5C2E10C07E8A2DB0 /* Pods-funfirebase.debug.xcconfig */,
				CE1598A2ABB10781E5B3161D /* Pods-funfirebase.release.xcconfig */,
			);
			path = Pods;
			sourceTree = "<group>";
		};
		FF45566A059509569775C06C /* Frameworks */ = {
			isa = PBXGroup;
			children = (
				AFBBF7E3260837E560A884ED /* Pods_funfirebase.framework */,
			);
			name = Frameworks;
			sourceTree = "<group>";
		};
/* End PBXGroup section */

/* Begin PBXNativeTarget section */
		260C6FAE26A56B1600F10C79 /* funfirebase */ = {
			isa = PBXNativeTarget;
			buildConfigurationList = 260C6FBE26A56B1900F10C79 /* Build configuration list for PBXNativeTarget "funfirebase" */;
			buildPhases = (
				335D906DFE0B3AA70AD3E9B1 /* [CP] Check Pods Manifest.lock */,
				260C6FAB26A56B1600F10C79 /* Sources */,
				260C6FAC26A56B1600F10C79 /* Frameworks */,
				260C6FAD26A56B1600F10C79 /* Resources */,
				A6F2E232658CA8A064E1BCBE /* [CP] Embed Pods Frameworks */,
			);
			buildRules = (
			);
			dependencies = (
			);
			name = funfirebase;
			productName = funfirebase;
			productReference = 260C6FAF26A56B1600F10C79 /* funfirebase.app */;
			productType = "com.apple.product-type.application";
		};
/* End PBXNativeTarget section */

/* Begin PBXProject section */
		260C6FA726A56B1600F10C79 /* Project object */ = {
			isa = PBXProject;
			attributes = {
				LastSwiftUpdateCheck = 1200;
				LastUpgradeCheck = 1200;
				TargetAttributes = {
					260C6FAE26A56B1600F10C79 = {
						CreatedOnToolsVersion = 12.0;
					};
				};
			};
			buildConfigurationList = 260C6FAA26A56B1600F10C79 /* Build configuration list for PBXProject "funfirebase" */;
			compatibilityVersion = "Xcode 9.3";
			developmentRegion = en;
			hasScannedForEncodings = 0;
			knownRegions = (
				en,
				Base,
			);
			mainGroup = 260C6FA626A56B1600F10C79;
			productRefGroup = 260C6FB026A56B1600F10C79 /* Products */;
			projectDirPath = "";
			projectRoot = "";
			targets = (
				260C6FAE26A56B1600F10C79 /* funfirebase */,
			);
		};
/* End PBXProject section */

/* Begin PBXResourcesBuildPhase section */
		260C6FAD26A56B1600F10C79 /* Resources */ = {
			isa = PBXResourcesBuildPhase;
			buildActionMask = 2147483647;
			files = (
				260C6FBA26A56B1900F10C79 /* Preview Assets.xcassets in Resources */,
				260C6FB726A56B1900F10C79 /* Assets.xcassets in Resources */,
				26A0C2D926AE4AB500F29F4B /* GoogleService-Info.plist in Resources */,
			);
			runOnlyForDeploymentPostprocessing = 0;
		};
/* End PBXResourcesBuildPhase section */

/* Begin PBXShellScriptBuildPhase section */
		335D906DFE0B3AA70AD3E9B1 /* [CP] Check Pods Manifest.lock */ = {
			isa = PBXShellScriptBuildPhase;
			buildActionMask = 2147483647;
			files = (
			);
			inputFileListPaths = (
			);
			inputPaths = (
				"${PODS_PODFILE_DIR_PATH}/Podfile.lock",
				"${PODS_ROOT}/Manifest.lock",
			);
			name = "[CP] Check Pods Manifest.lock";
			outputFileListPaths = (
			);
			outputPaths = (
				"$(DERIVED_FILE_DIR)/Pods-funfirebase-checkManifestLockResult.txt",
			);
			runOnlyForDeploymentPostprocessing = 0;
			shellPath = /bin/sh;
			shellScript = "diff \"${PODS_PODFILE_DIR_PATH}/Podfile.lock\" \"${PODS_ROOT}/Manifest.lock\" > /dev/null\nif [ $? != 0 ] ; then\n    # print error to STDERR\n    echo \"error: The sandbox is not in sync with the Podfile.lock. Run 'pod install' or update your CocoaPods installation.\" >&2\n    exit 1\nfi\n# This output is used by Xcode 'outputs' to avoid re-running this script phase.\necho \"SUCCESS\" > \"${SCRIPT_OUTPUT_FILE_0}\"\n";
			showEnvVarsInLog = 0;
		};
		A6F2E232658CA8A064E1BCBE /* [CP] Embed Pods Frameworks */ = {
			isa = PBXShellScriptBuildPhase;
			buildActionMask = 2147483647;
			files = (
			);
			inputFileListPaths = (
				"${PODS_ROOT}/Target Support Files/Pods-funfirebase/Pods-funfirebase-frameworks-${CONFIGURATION}-input-files.xcfilelist",
			);
			name = "[CP] Embed Pods Frameworks";
			outputFileListPaths = (
				"${PODS_ROOT}/Target Support Files/Pods-funfirebase/Pods-funfirebase-frameworks-${CONFIGURATION}-output-files.xcfilelist",
			);
			runOnlyForDeploymentPostprocessing = 0;
			shellPath = /bin/sh;
			shellScript = "\"${PODS_ROOT}/Target Support Files/Pods-funfirebase/Pods-funfirebase-frameworks.sh\"\n";
			showEnvVarsInLog = 0;
		};
/* End PBXShellScriptBuildPhase section */

/* Begin PBXSourcesBuildPhase section */
		260C6FAB26A56B1600F10C79 /* Sources */ = {
			isa = PBXSourcesBuildPhase;
			buildActionMask = 2147483647;
			files = (
				260C6FB526A56B1600F10C79 /* ContentView.swift in Sources */,
				26A0C2DF26AF4E1900F29F4B /* TodoViewModel.swift in Sources */,
				26A0C2DC26AF4DEC00F29F4B /* Todo.swift in Sources */,
				260C6FB326A56B1600F10C79 /* funfirebaseApp.swift in Sources */,
			);
			runOnlyForDeploymentPostprocessing = 0;
		};
/* End PBXSourcesBuildPhase section */

/* Begin XCBuildConfiguration section */
		260C6FBC26A56B1900F10C79 /* Debug */ = {
			isa = XCBuildConfiguration;
			buildSettings = {
				ALWAYS_SEARCH_USER_PATHS = NO;
				CLANG_ANALYZER_NONNULL = YES;
				CLANG_ANALYZER_NUMBER_OBJECT_CONVERSION = YES_AGGRESSIVE;
				CLANG_CXX_LANGUAGE_STANDARD = "gnu++14";
				CLANG_CXX_LIBRARY = "libc++";
				CLANG_ENABLE_MODULES = YES;
				CLANG_ENABLE_OBJC_ARC = YES;
				CLANG_ENABLE_OBJC_WEAK = YES;
				CLANG_WARN_BLOCK_CAPTURE_AUTORELEASING = YES;
				CLANG_WARN_BOOL_CONVERSION = YES;
				CLANG_WARN_COMMA = YES;
				CLANG_WARN_CONSTANT_CONVERSION = YES;
				CLANG_WARN_DEPRECATED_OBJC_IMPLEMENTATIONS = YES;
				CLANG_WARN_DIRECT_OBJC_ISA_USAGE = YES_ERROR;
				CLANG_WARN_DOCUMENTATION_COMMENTS = YES;
				CLANG_WARN_EMPTY_BODY = YES;
				CLANG_WARN_ENUM_CONVERSION = YES;
				CLANG_WARN_INFINITE_RECURSION = YES;
				CLANG_WARN_INT_CONVERSION = YES;
				CLANG_WARN_NON_LITERAL_NULL_CONVERSION = YES;
				CLANG_WARN_OBJC_IMPLICIT_RETAIN_SELF = YES;
				CLANG_WARN_OBJC_LITERAL_CONVERSION = YES;
				CLANG_WARN_OBJC_ROOT_CLASS = YES_ERROR;
				CLANG_WARN_QUOTED_INCLUDE_IN_FRAMEWORK_HEADER = YES;
				CLANG_WARN_RANGE_LOOP_ANALYSIS = YES;
				CLANG_WARN_STRICT_PROTOTYPES = YES;
				CLANG_WARN_SUSPICIOUS_MOVE = YES;
				CLANG_WARN_UNGUARDED_AVAILABILITY = YES_AGGRESSIVE;
				CLANG_WARN_UNREACHABLE_CODE = YES;
				CLANG_WARN__DUPLICATE_METHOD_MATCH = YES;
				COPY_PHASE_STRIP = NO;
				DEBUG_INFORMATION_FORMAT = dwarf;
				ENABLE_STRICT_OBJC_MSGSEND = YES;
				ENABLE_TESTABILITY = YES;
				GCC_C_LANGUAGE_STANDARD = gnu11;
				GCC_DYNAMIC_NO_PIC = NO;
				GCC_NO_COMMON_BLOCKS = YES;
				GCC_OPTIMIZATION_LEVEL = 0;
				GCC_PREPROCESSOR_DEFINITIONS = (
					"DEBUG=1",
					"$(inherited)",
				);
				GCC_WARN_64_TO_32_BIT_CONVERSION = YES;
				GCC_WARN_ABOUT_RETURN_TYPE = YES_ERROR;
				GCC_WARN_UNDECLARED_SELECTOR = YES;
				GCC_WARN_UNINITIALIZED_AUTOS = YES_AGGRESSIVE;
				GCC_WARN_UNUSED_FUNCTION = YES;
				GCC_WARN_UNUSED_VARIABLE = YES;
				IPHONEOS_DEPLOYMENT_TARGET = 14.0;
				MTL_ENABLE_DEBUG_INFO = INCLUDE_SOURCE;
				MTL_FAST_MATH = YES;
				ONLY_ACTIVE_ARCH = YES;
				SDKROOT = iphoneos;
				SWIFT_ACTIVE_COMPILATION_CONDITIONS = DEBUG;
				SWIFT_OPTIMIZATION_LEVEL = "-Onone";
			};
			name = Debug;
		};
		260C6FBD26A56B1900F10C79 /* Release */ = {
			isa = XCBuildConfiguration;
			buildSettings = {
				ALWAYS_SEARCH_USER_PATHS = NO;
				CLANG_ANALYZER_NONNULL = YES;
				CLANG_ANALYZER_NUMBER_OBJECT_CONVERSION = YES_AGGRESSIVE;
				CLANG_CXX_LANGUAGE_STANDARD = "gnu++14";
				CLANG_CXX_LIBRARY = "libc++";
				CLANG_ENABLE_MODULES = YES;
				CLANG_ENABLE_OBJC_ARC = YES;
				CLANG_ENABLE_OBJC_WEAK = YES;
				CLANG_WARN_BLOCK_CAPTURE_AUTORELEASING = YES;
				CLANG_WARN_BOOL_CONVERSION = YES;
				CLANG_WARN_COMMA = YES;
				CLANG_WARN_CONSTANT_CONVERSION = YES;
				CLANG_WARN_DEPRECATED_OBJC_IMPLEMENTATIONS = YES;
				CLANG_WARN_DIRECT_OBJC_ISA_USAGE = YES_ERROR;
				CLANG_WARN_DOCUMENTATION_COMMENTS = YES;
				CLANG_WARN_EMPTY_BODY = YES;
				CLANG_WARN_ENUM_CONVERSION = YES;
				CLANG_WARN_INFINITE_RECURSION = YES;
				CLANG_WARN_INT_CONVERSION = YES;
				CLANG_WARN_NON_LITERAL_NULL_CONVERSION = YES;
				CLANG_WARN_OBJC_IMPLICIT_RETAIN_SELF = YES;
				CLANG_WARN_OBJC_LITERAL_CONVERSION = YES;
				CLANG_WARN_OBJC_ROOT_CLASS = YES_ERROR;
				CLANG_WARN_QUOTED_INCLUDE_IN_FRAMEWORK_HEADER = YES;
				CLANG_WARN_RANGE_LOOP_ANALYSIS = YES;
				CLANG_WARN_STRICT_PROTOTYPES = YES;
				CLANG_WARN_SUSPICIOUS_MOVE = YES;
				CLANG_WARN_UNGUARDED_AVAILABILITY = YES_AGGRESSIVE;
				CLANG_WARN_UNREACHABLE_CODE = YES;
				CLANG_WARN__DUPLICATE_METHOD_MATCH = YES;
				COPY_PHASE_STRIP = NO;
				DEBUG_INFORMATION_FORMAT = "dwarf-with-dsym";
				ENABLE_NS_ASSERTIONS = NO;
				ENABLE_STRICT_OBJC_MSGSEND = YES;
				GCC_C_LANGUAGE_STANDARD = gnu11;
				GCC_NO_COMMON_BLOCKS = YES;
				GCC_WARN_64_TO_32_BIT_CONVERSION = YES;
				GCC_WARN_ABOUT_RETURN_TYPE = YES_ERROR;
				GCC_WARN_UNDECLARED_SELECTOR = YES;
				GCC_WARN_UNINITIALIZED_AUTOS = YES_AGGRESSIVE;
				GCC_WARN_UNUSED_FUNCTION = YES;
				GCC_WARN_UNUSED_VARIABLE = YES;
				IPHONEOS_DEPLOYMENT_TARGET = 14.0;
				MTL_ENABLE_DEBUG_INFO = NO;
				MTL_FAST_MATH = YES;
				SDKROOT = iphoneos;
				SWIFT_COMPILATION_MODE = wholemodule;
				SWIFT_OPTIMIZATION_LEVEL = "-O";
				VALIDATE_PRODUCT = YES;
			};
			name = Release;
		};
		260C6FBF26A56B1900F10C79 /* Debug */ = {
			isa = XCBuildConfiguration;
			baseConfigurationReference = B1286F6B5C2E10C07E8A2DB0 /* Pods-funfirebase.debug.xcconfig */;
			buildSettings = {
				ASSETCATALOG_COMPILER_APPICON_NAME = AppIcon;
				ASSETCATALOG_COMPILER_GLOBAL_ACCENT_COLOR_NAME = AccentColor;
				CODE_SIGN_STYLE = Automatic;
				DEVELOPMENT_ASSET_PATHS = "\"funfirebase/Preview Content\"";
				DEVELOPMENT_TEAM = WB27KS2D56;
				ENABLE_PREVIEWS = YES;
				INFOPLIST_FILE = funfirebase/Info.plist;
				IPHONEOS_DEPLOYMENT_TARGET = 14.0;
				LD_RUNPATH_SEARCH_PATHS = (
					"$(inherited)",
					"@executable_path/Frameworks",
				);
				PRODUCT_BUNDLE_IDENTIFIER = test.funfirebase;
				PRODUCT_NAME = "$(TARGET_NAME)";
				SWIFT_VERSION = 5.0;
				TARGETED_DEVICE_FAMILY = "1,2";
			};
			name = Debug;
		};
		260C6FC026A56B1900F10C79 /* Release */ = {
			isa = XCBuildConfiguration;
			baseConfigurationReference = CE1598A2ABB10781E5B3161D /* Pods-funfirebase.release.xcconfig */;
			buildSettings = {
				ASSETCATALOG_COMPILER_APPICON_NAME = AppIcon;
				ASSETCATALOG_COMPILER_GLOBAL_ACCENT_COLOR_NAME = AccentColor;
				CODE_SIGN_STYLE = Automatic;
				DEVELOPMENT_ASSET_PATHS = "\"funfirebase/Preview Content\"";
				DEVELOPMENT_TEAM = WB27KS2D56;
				ENABLE_PREVIEWS = YES;
				INFOPLIST_FILE = funfirebase/Info.plist;
				IPHONEOS_DEPLOYMENT_TARGET = 14.0;
				LD_RUNPATH_SEARCH_PATHS = (
					"$(inherited)",
					"@executable_path/Frameworks",
				);
				PRODUCT_BUNDLE_IDENTIFIER = test.funfirebase;
				PRODUCT_NAME = "$(TARGET_NAME)";
				SWIFT_VERSION = 5.0;
				TARGETED_DEVICE_FAMILY = "1,2";
			};
			name = Release;
		};
/* End XCBuildConfiguration section */

/* Begin XCConfigurationList section */
		260C6FAA26A56B1600F10C79 /* Build configuration list for PBXProject "funfirebase" */ = {
			isa = XCConfigurationList;
			buildConfigurations = (
				260C6FBC26A56B1900F10C79 /* Debug */,
				260C6FBD26A56B1900F10C79 /* Release */,
			);
			defaultConfigurationIsVisible = 0;
			defaultConfigurationName = Release;
		};
		260C6FBE26A56B1900F10C79 /* Build configuration list for PBXNativeTarget "funfirebase" */ = {
			isa = XCConfigurationList;
			buildConfigurations = (
				260C6FBF26A56B1900F10C79 /* Debug */,
				260C6FC026A56B1900F10C79 /* Release */,
			);
			defaultConfigurationIsVisible = 0;
			defaultConfigurationName = Release;
		};
/* End XCConfigurationList section */
	};
	rootObject = 260C6FA726A56B1600F10C79 /* Project object */;
}
